
Microsoft Visual Studio Solution File, Format Version 12.00
# Visual Studio Version 16
VisualStudioVersion = 16.0.30621.155
MinimumVisualStudioVersion = 10.0.40219.1
Project("{FAE04EC0-301F-11D3-BF4B-00C04F79EFBC}") = "ConexionMySQL", "ConexionMySQL\ConexionMySQL.csproj", "{007BC0BB-D040-4FCC-B85D-CEF5683A48CB}"
EndProject
Global
	GlobalSection(SolutionConfigurationPlatforms) = preSolution
		Debug|Any CPU = Debug|Any CPU
		Release|Any CPU = Release|Any CPU
	EndGlobalSection
	GlobalSection(ProjectConfigurationPlatforms) = postSolution
		{007BC0BB-D040-4FCC-B85D-CEF5683A48CB}.Debug|Any CPU.ActiveCfg = Debug|Any CPU
		{007BC0BB-D040-4FCC-B85D-CEF5683A48CB}.Debug|Any CPU.Build.0 = Debug|Any CPU
		{007BC0BB-D040-4FCC-B85D-CEF5683A48CB}.Release|Any CPU.ActiveCfg = Release|Any CPU
		{007BC0BB-D040-4FCC-B85D-CEF5683A48CB}.Release|Any CPU.Build.0 = Release|Any CPU
	EndGlobalSection
	GlobalSection(SolutionProperties) = preSolution
		HideSolutionNode = FALSE
	EndGlobalSection
	GlobalSection(ExtensibilityGlobals) = postSolution
		SolutionGuid = {3D1B1701-0DE5-4AF5-A9F4-9164F83D6CA7}
	EndGlobalSection
EndGlobal
