
Microsoft Visual Studio Solution File, Format Version 12.00
# Visual Studio Version 16
VisualStudioVersion = 16.0.30523.141
MinimumVisualStudioVersion = 10.0.40219.1
Project("{FAE04EC0-301F-11D3-BF4B-00C04F79EFBC}") = "Burger", "Burguer\Burger.csproj", "{6E6ABFBD-AC9C-4F50-AEEF-DFC9A0AFBF32}"
EndProject
Global
	GlobalSection(SolutionConfigurationPlatforms) = preSolution
		Debug|Any CPU = Debug|Any CPU
		Release|Any CPU = Release|Any CPU
	EndGlobalSection
	GlobalSection(ProjectConfigurationPlatforms) = postSolution
		{6E6ABFBD-AC9C-4F50-AEEF-DFC9A0AFBF32}.Debug|Any CPU.ActiveCfg = Debug|Any CPU
		{6E6ABFBD-AC9C-4F50-AEEF-DFC9A0AFBF32}.Debug|Any CPU.Build.0 = Debug|Any CPU
		{6E6ABFBD-AC9C-4F50-AEEF-DFC9A0AFBF32}.Release|Any CPU.ActiveCfg = Release|Any CPU
		{6E6ABFBD-AC9C-4F50-AEEF-DFC9A0AFBF32}.Release|Any CPU.Build.0 = Release|Any CPU
	EndGlobalSection
	GlobalSection(SolutionProperties) = preSolution
		HideSolutionNode = FALSE
	EndGlobalSection
	GlobalSection(ExtensibilityGlobals) = postSolution
		SolutionGuid = {1288DD90-E091-412D-858B-897BBABC290D}
	EndGlobalSection
EndGlobal
