
Microsoft Visual Studio Solution File, Format Version 12.00
# Visual Studio Version 16
VisualStudioVersion = 16.0.30621.155
MinimumVisualStudioVersion = 10.0.40219.1
Project("{FAE04EC0-301F-11D3-BF4B-00C04F79EFBC}") = "MiniProyecto", "MiniProyecto\MiniProyecto.csproj", "{F031CA92-CC82-4F55-A91D-0B40A3AB4E9A}"
EndProject
Global
	GlobalSection(SolutionConfigurationPlatforms) = preSolution
		Debug|Any CPU = Debug|Any CPU
		Release|Any CPU = Release|Any CPU
	EndGlobalSection
	GlobalSection(ProjectConfigurationPlatforms) = postSolution
		{F031CA92-CC82-4F55-A91D-0B40A3AB4E9A}.Debug|Any CPU.ActiveCfg = Debug|Any CPU
		{F031CA92-CC82-4F55-A91D-0B40A3AB4E9A}.Debug|Any CPU.Build.0 = Debug|Any CPU
		{F031CA92-CC82-4F55-A91D-0B40A3AB4E9A}.Release|Any CPU.ActiveCfg = Release|Any CPU
		{F031CA92-CC82-4F55-A91D-0B40A3AB4E9A}.Release|Any CPU.Build.0 = Release|Any CPU
	EndGlobalSection
	GlobalSection(SolutionProperties) = preSolution
		HideSolutionNode = FALSE
	EndGlobalSection
	GlobalSection(ExtensibilityGlobals) = postSolution
		SolutionGuid = {4D45066D-82BB-47E7-AFA5-90CFC0029E68}
	EndGlobalSection
EndGlobal
