
Microsoft Visual Studio Solution File, Format Version 12.00
# Visual Studio Version 16
VisualStudioVersion = 16.0.30517.126
MinimumVisualStudioVersion = 10.0.40219.1
Project("{FAE04EC0-301F-11D3-BF4B-00C04F79EFBC}") = "MaterialDesign", "MaterialDesign\MaterialDesign.csproj", "{8B94F444-7FED-4E8C-BA6E-FF0EFEC6A697}"
EndProject
Global
	GlobalSection(SolutionConfigurationPlatforms) = preSolution
		Debug|Any CPU = Debug|Any CPU
		Release|Any CPU = Release|Any CPU
	EndGlobalSection
	GlobalSection(ProjectConfigurationPlatforms) = postSolution
		{8B94F444-7FED-4E8C-BA6E-FF0EFEC6A697}.Debug|Any CPU.ActiveCfg = Debug|Any CPU
		{8B94F444-7FED-4E8C-BA6E-FF0EFEC6A697}.Debug|Any CPU.Build.0 = Debug|Any CPU
		{8B94F444-7FED-4E8C-BA6E-FF0EFEC6A697}.Release|Any CPU.ActiveCfg = Release|Any CPU
		{8B94F444-7FED-4E8C-BA6E-FF0EFEC6A697}.Release|Any CPU.Build.0 = Release|Any CPU
	EndGlobalSection
	GlobalSection(SolutionProperties) = preSolution
		HideSolutionNode = FALSE
	EndGlobalSection
	GlobalSection(ExtensibilityGlobals) = postSolution
		SolutionGuid = {739A136C-A044-4C14-B9FA-6AB65866FEF7}
	EndGlobalSection
EndGlobal
