
Microsoft Visual Studio Solution File, Format Version 12.00
# Visual Studio Version 16
VisualStudioVersion = 16.0.30621.155
MinimumVisualStudioVersion = 10.0.40219.1
Project("{FAE04EC0-301F-11D3-BF4B-00C04F79EFBC}") = "DataBaseAccess", "DataBaseAccess\DataBaseAccess.csproj", "{6427D0E5-B0EA-412E-985F-7351CD3DC004}"
EndProject
Global
	GlobalSection(SolutionConfigurationPlatforms) = preSolution
		Debug|Any CPU = Debug|Any CPU
		Release|Any CPU = Release|Any CPU
	EndGlobalSection
	GlobalSection(ProjectConfigurationPlatforms) = postSolution
		{6427D0E5-B0EA-412E-985F-7351CD3DC004}.Debug|Any CPU.ActiveCfg = Debug|Any CPU
		{6427D0E5-B0EA-412E-985F-7351CD3DC004}.Debug|Any CPU.Build.0 = Debug|Any CPU
		{6427D0E5-B0EA-412E-985F-7351CD3DC004}.Release|Any CPU.ActiveCfg = Release|Any CPU
		{6427D0E5-B0EA-412E-985F-7351CD3DC004}.Release|Any CPU.Build.0 = Release|Any CPU
	EndGlobalSection
	GlobalSection(SolutionProperties) = preSolution
		HideSolutionNode = FALSE
	EndGlobalSection
	GlobalSection(ExtensibilityGlobals) = postSolution
		SolutionGuid = {30739F29-02A9-4A20-BFEA-7D729803628C}
	EndGlobalSection
EndGlobal
